
Microsoft Visual Studio Solution File, Format Version 12.00
# Visual Studio Version 17
VisualStudioVersion = 17.8.34330.188
MinimumVisualStudioVersion = 10.0.40219.1
Project("{FAE04EC0-301F-11D3-BF4B-00C04F79EFBC}") = "KodlamaIoCRUD", "KodlamaIoCRUD\KodlamaIoCRUD.csproj", "{3BFE55D1-6CA5-474B-84B7-46755B56EA66}"
EndProject
Global
	GlobalSection(SolutionConfigurationPlatforms) = preSolution
		Debug|Any CPU = Debug|Any CPU
		Release|Any CPU = Release|Any CPU
	EndGlobalSection
	GlobalSection(ProjectConfigurationPlatforms) = postSolution
		{3BFE55D1-6CA5-474B-84B7-46755B56EA66}.Debug|Any CPU.ActiveCfg = Debug|Any CPU
		{3BFE55D1-6CA5-474B-84B7-46755B56EA66}.Debug|Any CPU.Build.0 = Debug|Any CPU
		{3BFE55D1-6CA5-474B-84B7-46755B56EA66}.Release|Any CPU.ActiveCfg = Release|Any CPU
		{3BFE55D1-6CA5-474B-84B7-46755B56EA66}.Release|Any CPU.Build.0 = Release|Any CPU
	EndGlobalSection
	GlobalSection(SolutionProperties) = preSolution
		HideSolutionNode = FALSE
	EndGlobalSection
	GlobalSection(ExtensibilityGlobals) = postSolution
		SolutionGuid = {3A6C2D4F-503D-4620-93B1-46C34D52EE81}
	EndGlobalSection
EndGlobal
